
Microsoft Visual Studio Solution File, Format Version 12.00
# Visual Studio 15
VisualStudioVersion = 15.0.27130.0
MinimumVisualStudioVersion = 10.0.40219.1
Project("{9A19103F-16F7-4668-BE54-9A1E7A4F7556}") = "Dell.PremierTools.Services.WebApiv1", "Dell.PremierTools.Services.WebApiv1\Dell.PremierTools.Services.WebApiv1.csproj", "{C25183AE-E331-4870-8F76-0A0619E7940C}"
EndProject
Project("{FAE04EC0-301F-11D3-BF4B-00C04F79EFBC}") = "Dell.PremierTools.Common", "Dell.PremierTools.Common\Dell.PremierTools.Common.csproj", "{E46492AF-7EC1-4220-B920-35FD25CA01B4}"
EndProject
Project("{FAE04EC0-301F-11D3-BF4B-00C04F79EFBC}") = "Dell.PremierTools.Common.Log", "Dell.PremierTools.Common.Log\Dell.PremierTools.Common.Log.csproj", "{D4F069D7-9AF5-4E02-8FE3-19459F2B74B9}"
EndProject
Project("{9A19103F-16F7-4668-BE54-9A1E7A4F7556}") = "Dell.PremierTools.DataServices", "Dell.PremierTools.DataServices\Dell.PremierTools.DataServices.csproj", "{F2FBC04F-8459-4273-BB1B-747B9DCFF6A2}"
EndProject
Project("{9A19103F-16F7-4668-BE54-9A1E7A4F7556}") = "Dell.PremierTools.Entity.Model", "Dell.PremierTools.Entity\Dell.PremierTools.Entity.Model.csproj", "{EB9DF3C4-C25A-4064-B4A4-4B09D7537A17}"
EndProject
Global
	GlobalSection(SolutionConfigurationPlatforms) = preSolution
		Debug|Any CPU = Debug|Any CPU
		Dev|Any CPU = Dev|Any CPU
		Dit|Any CPU = Dit|Any CPU
		G1|Any CPU = G1|Any CPU
		G2|Any CPU = G2|Any CPU
		G3|Any CPU = G3|Any CPU
		G4|Any CPU = G4|Any CPU
		Perf|Any CPU = Perf|Any CPU
		Prod|Any CPU = Prod|Any CPU
		Release|Any CPU = Release|Any CPU
		Sit|Any CPU = Sit|Any CPU
	EndGlobalSection
	GlobalSection(ProjectConfigurationPlatforms) = postSolution
		{C25183AE-E331-4870-8F76-0A0619E7940C}.Debug|Any CPU.ActiveCfg = Debug|Any CPU
		{C25183AE-E331-4870-8F76-0A0619E7940C}.Debug|Any CPU.Build.0 = Debug|Any CPU
		{C25183AE-E331-4870-8F76-0A0619E7940C}.Dev|Any CPU.ActiveCfg = Debug|Any CPU
		{C25183AE-E331-4870-8F76-0A0619E7940C}.Dev|Any CPU.Build.0 = Debug|Any CPU
		{C25183AE-E331-4870-8F76-0A0619E7940C}.Dit|Any CPU.ActiveCfg = Debug|Any CPU
		{C25183AE-E331-4870-8F76-0A0619E7940C}.Dit|Any CPU.Build.0 = Debug|Any CPU
		{C25183AE-E331-4870-8F76-0A0619E7940C}.G1|Any CPU.ActiveCfg = Debug|Any CPU
		{C25183AE-E331-4870-8F76-0A0619E7940C}.G1|Any CPU.Build.0 = Debug|Any CPU
		{C25183AE-E331-4870-8F76-0A0619E7940C}.G2|Any CPU.ActiveCfg = Debug|Any CPU
		{C25183AE-E331-4870-8F76-0A0619E7940C}.G2|Any CPU.Build.0 = Debug|Any CPU
		{C25183AE-E331-4870-8F76-0A0619E7940C}.G3|Any CPU.ActiveCfg = Debug|Any CPU
		{C25183AE-E331-4870-8F76-0A0619E7940C}.G3|Any CPU.Build.0 = Debug|Any CPU
		{C25183AE-E331-4870-8F76-0A0619E7940C}.G4|Any CPU.ActiveCfg = Debug|Any CPU
		{C25183AE-E331-4870-8F76-0A0619E7940C}.G4|Any CPU.Build.0 = Debug|Any CPU
		{C25183AE-E331-4870-8F76-0A0619E7940C}.Perf|Any CPU.ActiveCfg = Debug|Any CPU
		{C25183AE-E331-4870-8F76-0A0619E7940C}.Perf|Any CPU.Build.0 = Debug|Any CPU
		{C25183AE-E331-4870-8F76-0A0619E7940C}.Prod|Any CPU.ActiveCfg = Debug|Any CPU
		{C25183AE-E331-4870-8F76-0A0619E7940C}.Prod|Any CPU.Build.0 = Debug|Any CPU
		{C25183AE-E331-4870-8F76-0A0619E7940C}.Release|Any CPU.ActiveCfg = Release|Any CPU
		{C25183AE-E331-4870-8F76-0A0619E7940C}.Release|Any CPU.Build.0 = Release|Any CPU
		{C25183AE-E331-4870-8F76-0A0619E7940C}.Sit|Any CPU.ActiveCfg = Debug|Any CPU
		{C25183AE-E331-4870-8F76-0A0619E7940C}.Sit|Any CPU.Build.0 = Debug|Any CPU
		{E46492AF-7EC1-4220-B920-35FD25CA01B4}.Debug|Any CPU.ActiveCfg = Debug|Any CPU
		{E46492AF-7EC1-4220-B920-35FD25CA01B4}.Debug|Any CPU.Build.0 = Debug|Any CPU
		{E46492AF-7EC1-4220-B920-35FD25CA01B4}.Dev|Any CPU.ActiveCfg = Dev|Any CPU
		{E46492AF-7EC1-4220-B920-35FD25CA01B4}.Dev|Any CPU.Build.0 = Dev|Any CPU
		{E46492AF-7EC1-4220-B920-35FD25CA01B4}.Dit|Any CPU.ActiveCfg = Dit|Any CPU
		{E46492AF-7EC1-4220-B920-35FD25CA01B4}.Dit|Any CPU.Build.0 = Dit|Any CPU
		{E46492AF-7EC1-4220-B920-35FD25CA01B4}.G1|Any CPU.ActiveCfg = G1|Any CPU
		{E46492AF-7EC1-4220-B920-35FD25CA01B4}.G1|Any CPU.Build.0 = G1|Any CPU
		{E46492AF-7EC1-4220-B920-35FD25CA01B4}.G2|Any CPU.ActiveCfg = G2|Any CPU
		{E46492AF-7EC1-4220-B920-35FD25CA01B4}.G2|Any CPU.Build.0 = G2|Any CPU
		{E46492AF-7EC1-4220-B920-35FD25CA01B4}.G3|Any CPU.ActiveCfg = G3|Any CPU
		{E46492AF-7EC1-4220-B920-35FD25CA01B4}.G3|Any CPU.Build.0 = G3|Any CPU
		{E46492AF-7EC1-4220-B920-35FD25CA01B4}.G4|Any CPU.ActiveCfg = G4|Any CPU
		{E46492AF-7EC1-4220-B920-35FD25CA01B4}.G4|Any CPU.Build.0 = G4|Any CPU
		{E46492AF-7EC1-4220-B920-35FD25CA01B4}.Perf|Any CPU.ActiveCfg = Perf|Any CPU
		{E46492AF-7EC1-4220-B920-35FD25CA01B4}.Perf|Any CPU.Build.0 = Perf|Any CPU
		{E46492AF-7EC1-4220-B920-35FD25CA01B4}.Prod|Any CPU.ActiveCfg = Prod|Any CPU
		{E46492AF-7EC1-4220-B920-35FD25CA01B4}.Prod|Any CPU.Build.0 = Prod|Any CPU
		{E46492AF-7EC1-4220-B920-35FD25CA01B4}.Release|Any CPU.ActiveCfg = Release|Any CPU
		{E46492AF-7EC1-4220-B920-35FD25CA01B4}.Release|Any CPU.Build.0 = Release|Any CPU
		{E46492AF-7EC1-4220-B920-35FD25CA01B4}.Sit|Any CPU.ActiveCfg = Sit|Any CPU
		{E46492AF-7EC1-4220-B920-35FD25CA01B4}.Sit|Any CPU.Build.0 = Sit|Any CPU
		{D4F069D7-9AF5-4E02-8FE3-19459F2B74B9}.Debug|Any CPU.ActiveCfg = Debug|Any CPU
		{D4F069D7-9AF5-4E02-8FE3-19459F2B74B9}.Debug|Any CPU.Build.0 = Debug|Any CPU
		{D4F069D7-9AF5-4E02-8FE3-19459F2B74B9}.Dev|Any CPU.ActiveCfg = Dev|Any CPU
		{D4F069D7-9AF5-4E02-8FE3-19459F2B74B9}.Dev|Any CPU.Build.0 = Dev|Any CPU
		{D4F069D7-9AF5-4E02-8FE3-19459F2B74B9}.Dit|Any CPU.ActiveCfg = Dit|Any CPU
		{D4F069D7-9AF5-4E02-8FE3-19459F2B74B9}.Dit|Any CPU.Build.0 = Dit|Any CPU
		{D4F069D7-9AF5-4E02-8FE3-19459F2B74B9}.G1|Any CPU.ActiveCfg = G1|Any CPU
		{D4F069D7-9AF5-4E02-8FE3-19459F2B74B9}.G1|Any CPU.Build.0 = G1|Any CPU
		{D4F069D7-9AF5-4E02-8FE3-19459F2B74B9}.G2|Any CPU.ActiveCfg = G2|Any CPU
		{D4F069D7-9AF5-4E02-8FE3-19459F2B74B9}.G2|Any CPU.Build.0 = G2|Any CPU
		{D4F069D7-9AF5-4E02-8FE3-19459F2B74B9}.G3|Any CPU.ActiveCfg = G3|Any CPU
		{D4F069D7-9AF5-4E02-8FE3-19459F2B74B9}.G3|Any CPU.Build.0 = G3|Any CPU
		{D4F069D7-9AF5-4E02-8FE3-19459F2B74B9}.G4|Any CPU.ActiveCfg = G4|Any CPU
		{D4F069D7-9AF5-4E02-8FE3-19459F2B74B9}.G4|Any CPU.Build.0 = G4|Any CPU
		{D4F069D7-9AF5-4E02-8FE3-19459F2B74B9}.Perf|Any CPU.ActiveCfg = Perf|Any CPU
		{D4F069D7-9AF5-4E02-8FE3-19459F2B74B9}.Perf|Any CPU.Build.0 = Perf|Any CPU
		{D4F069D7-9AF5-4E02-8FE3-19459F2B74B9}.Prod|Any CPU.ActiveCfg = Prod|Any CPU
		{D4F069D7-9AF5-4E02-8FE3-19459F2B74B9}.Prod|Any CPU.Build.0 = Prod|Any CPU
		{D4F069D7-9AF5-4E02-8FE3-19459F2B74B9}.Release|Any CPU.ActiveCfg = Release|Any CPU
		{D4F069D7-9AF5-4E02-8FE3-19459F2B74B9}.Release|Any CPU.Build.0 = Release|Any CPU
		{D4F069D7-9AF5-4E02-8FE3-19459F2B74B9}.Sit|Any CPU.ActiveCfg = Sit|Any CPU
		{D4F069D7-9AF5-4E02-8FE3-19459F2B74B9}.Sit|Any CPU.Build.0 = Sit|Any CPU
		{F2FBC04F-8459-4273-BB1B-747B9DCFF6A2}.Debug|Any CPU.ActiveCfg = Debug|Any CPU
		{F2FBC04F-8459-4273-BB1B-747B9DCFF6A2}.Debug|Any CPU.Build.0 = Debug|Any CPU
		{F2FBC04F-8459-4273-BB1B-747B9DCFF6A2}.Dev|Any CPU.ActiveCfg = Debug|Any CPU
		{F2FBC04F-8459-4273-BB1B-747B9DCFF6A2}.Dev|Any CPU.Build.0 = Debug|Any CPU
		{F2FBC04F-8459-4273-BB1B-747B9DCFF6A2}.Dit|Any CPU.ActiveCfg = Debug|Any CPU
		{F2FBC04F-8459-4273-BB1B-747B9DCFF6A2}.Dit|Any CPU.Build.0 = Debug|Any CPU
		{F2FBC04F-8459-4273-BB1B-747B9DCFF6A2}.G1|Any CPU.ActiveCfg = Debug|Any CPU
		{F2FBC04F-8459-4273-BB1B-747B9DCFF6A2}.G1|Any CPU.Build.0 = Debug|Any CPU
		{F2FBC04F-8459-4273-BB1B-747B9DCFF6A2}.G2|Any CPU.ActiveCfg = Debug|Any CPU
		{F2FBC04F-8459-4273-BB1B-747B9DCFF6A2}.G2|Any CPU.Build.0 = Debug|Any CPU
		{F2FBC04F-8459-4273-BB1B-747B9DCFF6A2}.G3|Any CPU.ActiveCfg = Debug|Any CPU
		{F2FBC04F-8459-4273-BB1B-747B9DCFF6A2}.G3|Any CPU.Build.0 = Debug|Any CPU
		{F2FBC04F-8459-4273-BB1B-747B9DCFF6A2}.G4|Any CPU.ActiveCfg = Debug|Any CPU
		{F2FBC04F-8459-4273-BB1B-747B9DCFF6A2}.G4|Any CPU.Build.0 = Debug|Any CPU
		{F2FBC04F-8459-4273-BB1B-747B9DCFF6A2}.Perf|Any CPU.ActiveCfg = Debug|Any CPU
		{F2FBC04F-8459-4273-BB1B-747B9DCFF6A2}.Perf|Any CPU.Build.0 = Debug|Any CPU
		{F2FBC04F-8459-4273-BB1B-747B9DCFF6A2}.Prod|Any CPU.ActiveCfg = Debug|Any CPU
		{F2FBC04F-8459-4273-BB1B-747B9DCFF6A2}.Prod|Any CPU.Build.0 = Debug|Any CPU
		{F2FBC04F-8459-4273-BB1B-747B9DCFF6A2}.Release|Any CPU.ActiveCfg = Release|Any CPU
		{F2FBC04F-8459-4273-BB1B-747B9DCFF6A2}.Release|Any CPU.Build.0 = Release|Any CPU
		{F2FBC04F-8459-4273-BB1B-747B9DCFF6A2}.Sit|Any CPU.ActiveCfg = Debug|Any CPU
		{F2FBC04F-8459-4273-BB1B-747B9DCFF6A2}.Sit|Any CPU.Build.0 = Debug|Any CPU
		{EB9DF3C4-C25A-4064-B4A4-4B09D7537A17}.Debug|Any CPU.ActiveCfg = Debug|Any CPU
		{EB9DF3C4-C25A-4064-B4A4-4B09D7537A17}.Debug|Any CPU.Build.0 = Debug|Any CPU
		{EB9DF3C4-C25A-4064-B4A4-4B09D7537A17}.Dev|Any CPU.ActiveCfg = Debug|Any CPU
		{EB9DF3C4-C25A-4064-B4A4-4B09D7537A17}.Dev|Any CPU.Build.0 = Debug|Any CPU
		{EB9DF3C4-C25A-4064-B4A4-4B09D7537A17}.Dit|Any CPU.ActiveCfg = Debug|Any CPU
		{EB9DF3C4-C25A-4064-B4A4-4B09D7537A17}.Dit|Any CPU.Build.0 = Debug|Any CPU
		{EB9DF3C4-C25A-4064-B4A4-4B09D7537A17}.G1|Any CPU.ActiveCfg = Debug|Any CPU
		{EB9DF3C4-C25A-4064-B4A4-4B09D7537A17}.G1|Any CPU.Build.0 = Debug|Any CPU
		{EB9DF3C4-C25A-4064-B4A4-4B09D7537A17}.G2|Any CPU.ActiveCfg = Debug|Any CPU
		{EB9DF3C4-C25A-4064-B4A4-4B09D7537A17}.G2|Any CPU.Build.0 = Debug|Any CPU
		{EB9DF3C4-C25A-4064-B4A4-4B09D7537A17}.G3|Any CPU.ActiveCfg = Debug|Any CPU
		{EB9DF3C4-C25A-4064-B4A4-4B09D7537A17}.G3|Any CPU.Build.0 = Debug|Any CPU
		{EB9DF3C4-C25A-4064-B4A4-4B09D7537A17}.G4|Any CPU.ActiveCfg = Debug|Any CPU
		{EB9DF3C4-C25A-4064-B4A4-4B09D7537A17}.G4|Any CPU.Build.0 = Debug|Any CPU
		{EB9DF3C4-C25A-4064-B4A4-4B09D7537A17}.Perf|Any CPU.ActiveCfg = Debug|Any CPU
		{EB9DF3C4-C25A-4064-B4A4-4B09D7537A17}.Perf|Any CPU.Build.0 = Debug|Any CPU
		{EB9DF3C4-C25A-4064-B4A4-4B09D7537A17}.Prod|Any CPU.ActiveCfg = Debug|Any CPU
		{EB9DF3C4-C25A-4064-B4A4-4B09D7537A17}.Prod|Any CPU.Build.0 = Debug|Any CPU
		{EB9DF3C4-C25A-4064-B4A4-4B09D7537A17}.Release|Any CPU.ActiveCfg = Release|Any CPU
		{EB9DF3C4-C25A-4064-B4A4-4B09D7537A17}.Release|Any CPU.Build.0 = Release|Any CPU
		{EB9DF3C4-C25A-4064-B4A4-4B09D7537A17}.Sit|Any CPU.ActiveCfg = Debug|Any CPU
		{EB9DF3C4-C25A-4064-B4A4-4B09D7537A17}.Sit|Any CPU.Build.0 = Debug|Any CPU
	EndGlobalSection
	GlobalSection(SolutionProperties) = preSolution
		HideSolutionNode = FALSE
	EndGlobalSection
	GlobalSection(ExtensibilityGlobals) = postSolution
		SolutionGuid = {67514909-9B8F-4019-863E-EF760A60834C}
	EndGlobalSection
EndGlobal
