
Microsoft Visual Studio Solution File, Format Version 12.00
# Visual Studio 15
VisualStudioVersion = 15.0.27130.0
MinimumVisualStudioVersion = 10.0.40219.1
Project("{9A19103F-16F7-4668-BE54-9A1E7A4F7556}") = "Dell.PremierTools.Services.WebApiv1", "Dell.PremierTools.Services.WebApiv1\Dell.PremierTools.Services.WebApiv1.csproj", "{C25183AE-E331-4870-8F76-0A0619E7940C}"
EndProject
Project("{9A19103F-16F7-4668-BE54-9A1E7A4F7556}") = "Dell.PremierTools.Entity.Model", "Dell.PremierTools.Entity\Dell.PremierTools.Entity.Model.csproj", "{EB9DF3C4-C25A-4064-B4A4-4B09D7537A17}"
EndProject
Project("{9A19103F-16F7-4668-BE54-9A1E7A4F7556}") = "Dell.PremierTools.Common", "Dell.PremierTools.Commonv1\Dell.PremierTools.Common.csproj", "{4C603E28-5AA1-4257-BED9-8B8958472925}"
EndProject
Project("{9A19103F-16F7-4668-BE54-9A1E7A4F7556}") = "Dell.PremierTools.Common.Log", "Dell.PremierTools.Common.Logv1\Dell.PremierTools.Common.Log.csproj", "{489ACF1F-2644-4C50-AE59-987BB1AE6BD8}"
EndProject
Project("{9A19103F-16F7-4668-BE54-9A1E7A4F7556}") = "Dell.PremierTools.DataServices", "Dell.PremierTools.DataServices\Dell.PremierTools.DataServices.csproj", "{082A5CC7-53D4-45F0-9406-71C3117C320B}"
EndProject
Global
	GlobalSection(SolutionConfigurationPlatforms) = preSolution
		Debug|Any CPU = Debug|Any CPU
		Dev|Any CPU = Dev|Any CPU
		Dit|Any CPU = Dit|Any CPU
		G1|Any CPU = G1|Any CPU
		G2|Any CPU = G2|Any CPU
		G3|Any CPU = G3|Any CPU
		G4|Any CPU = G4|Any CPU
		Perf|Any CPU = Perf|Any CPU
		Prod|Any CPU = Prod|Any CPU
		Release|Any CPU = Release|Any CPU
		Sit|Any CPU = Sit|Any CPU
	EndGlobalSection
	GlobalSection(ProjectConfigurationPlatforms) = postSolution
		{C25183AE-E331-4870-8F76-0A0619E7940C}.Debug|Any CPU.ActiveCfg = Debug|Any CPU
		{C25183AE-E331-4870-8F76-0A0619E7940C}.Debug|Any CPU.Build.0 = Debug|Any CPU
		{C25183AE-E331-4870-8F76-0A0619E7940C}.Dev|Any CPU.ActiveCfg = Debug|Any CPU
		{C25183AE-E331-4870-8F76-0A0619E7940C}.Dev|Any CPU.Build.0 = Debug|Any CPU
		{C25183AE-E331-4870-8F76-0A0619E7940C}.Dit|Any CPU.ActiveCfg = Debug|Any CPU
		{C25183AE-E331-4870-8F76-0A0619E7940C}.Dit|Any CPU.Build.0 = Debug|Any CPU
		{C25183AE-E331-4870-8F76-0A0619E7940C}.G1|Any CPU.ActiveCfg = Debug|Any CPU
		{C25183AE-E331-4870-8F76-0A0619E7940C}.G1|Any CPU.Build.0 = Debug|Any CPU
		{C25183AE-E331-4870-8F76-0A0619E7940C}.G2|Any CPU.ActiveCfg = Debug|Any CPU
		{C25183AE-E331-4870-8F76-0A0619E7940C}.G2|Any CPU.Build.0 = Debug|Any CPU
		{C25183AE-E331-4870-8F76-0A0619E7940C}.G3|Any CPU.ActiveCfg = Debug|Any CPU
		{C25183AE-E331-4870-8F76-0A0619E7940C}.G3|Any CPU.Build.0 = Debug|Any CPU
		{C25183AE-E331-4870-8F76-0A0619E7940C}.G4|Any CPU.ActiveCfg = Debug|Any CPU
		{C25183AE-E331-4870-8F76-0A0619E7940C}.G4|Any CPU.Build.0 = Debug|Any CPU
		{C25183AE-E331-4870-8F76-0A0619E7940C}.Perf|Any CPU.ActiveCfg = Debug|Any CPU
		{C25183AE-E331-4870-8F76-0A0619E7940C}.Perf|Any CPU.Build.0 = Debug|Any CPU
		{C25183AE-E331-4870-8F76-0A0619E7940C}.Prod|Any CPU.ActiveCfg = Debug|Any CPU
		{C25183AE-E331-4870-8F76-0A0619E7940C}.Prod|Any CPU.Build.0 = Debug|Any CPU
		{C25183AE-E331-4870-8F76-0A0619E7940C}.Release|Any CPU.ActiveCfg = Release|Any CPU
		{C25183AE-E331-4870-8F76-0A0619E7940C}.Release|Any CPU.Build.0 = Release|Any CPU
		{C25183AE-E331-4870-8F76-0A0619E7940C}.Sit|Any CPU.ActiveCfg = Debug|Any CPU
		{C25183AE-E331-4870-8F76-0A0619E7940C}.Sit|Any CPU.Build.0 = Debug|Any CPU
		{EB9DF3C4-C25A-4064-B4A4-4B09D7537A17}.Debug|Any CPU.ActiveCfg = Debug|Any CPU
		{EB9DF3C4-C25A-4064-B4A4-4B09D7537A17}.Debug|Any CPU.Build.0 = Debug|Any CPU
		{EB9DF3C4-C25A-4064-B4A4-4B09D7537A17}.Dev|Any CPU.ActiveCfg = Debug|Any CPU
		{EB9DF3C4-C25A-4064-B4A4-4B09D7537A17}.Dev|Any CPU.Build.0 = Debug|Any CPU
		{EB9DF3C4-C25A-4064-B4A4-4B09D7537A17}.Dit|Any CPU.ActiveCfg = Debug|Any CPU
		{EB9DF3C4-C25A-4064-B4A4-4B09D7537A17}.Dit|Any CPU.Build.0 = Debug|Any CPU
		{EB9DF3C4-C25A-4064-B4A4-4B09D7537A17}.G1|Any CPU.ActiveCfg = Debug|Any CPU
		{EB9DF3C4-C25A-4064-B4A4-4B09D7537A17}.G1|Any CPU.Build.0 = Debug|Any CPU
		{EB9DF3C4-C25A-4064-B4A4-4B09D7537A17}.G2|Any CPU.ActiveCfg = Debug|Any CPU
		{EB9DF3C4-C25A-4064-B4A4-4B09D7537A17}.G2|Any CPU.Build.0 = Debug|Any CPU
		{EB9DF3C4-C25A-4064-B4A4-4B09D7537A17}.G3|Any CPU.ActiveCfg = Debug|Any CPU
		{EB9DF3C4-C25A-4064-B4A4-4B09D7537A17}.G3|Any CPU.Build.0 = Debug|Any CPU
		{EB9DF3C4-C25A-4064-B4A4-4B09D7537A17}.G4|Any CPU.ActiveCfg = Debug|Any CPU
		{EB9DF3C4-C25A-4064-B4A4-4B09D7537A17}.G4|Any CPU.Build.0 = Debug|Any CPU
		{EB9DF3C4-C25A-4064-B4A4-4B09D7537A17}.Perf|Any CPU.ActiveCfg = Debug|Any CPU
		{EB9DF3C4-C25A-4064-B4A4-4B09D7537A17}.Perf|Any CPU.Build.0 = Debug|Any CPU
		{EB9DF3C4-C25A-4064-B4A4-4B09D7537A17}.Prod|Any CPU.ActiveCfg = Debug|Any CPU
		{EB9DF3C4-C25A-4064-B4A4-4B09D7537A17}.Prod|Any CPU.Build.0 = Debug|Any CPU
		{EB9DF3C4-C25A-4064-B4A4-4B09D7537A17}.Release|Any CPU.ActiveCfg = Release|Any CPU
		{EB9DF3C4-C25A-4064-B4A4-4B09D7537A17}.Release|Any CPU.Build.0 = Release|Any CPU
		{EB9DF3C4-C25A-4064-B4A4-4B09D7537A17}.Sit|Any CPU.ActiveCfg = Debug|Any CPU
		{EB9DF3C4-C25A-4064-B4A4-4B09D7537A17}.Sit|Any CPU.Build.0 = Debug|Any CPU
		{4C603E28-5AA1-4257-BED9-8B8958472925}.Debug|Any CPU.ActiveCfg = Debug|Any CPU
		{4C603E28-5AA1-4257-BED9-8B8958472925}.Debug|Any CPU.Build.0 = Debug|Any CPU
		{4C603E28-5AA1-4257-BED9-8B8958472925}.Dev|Any CPU.ActiveCfg = Debug|Any CPU
		{4C603E28-5AA1-4257-BED9-8B8958472925}.Dev|Any CPU.Build.0 = Debug|Any CPU
		{4C603E28-5AA1-4257-BED9-8B8958472925}.Dit|Any CPU.ActiveCfg = Debug|Any CPU
		{4C603E28-5AA1-4257-BED9-8B8958472925}.Dit|Any CPU.Build.0 = Debug|Any CPU
		{4C603E28-5AA1-4257-BED9-8B8958472925}.G1|Any CPU.ActiveCfg = Debug|Any CPU
		{4C603E28-5AA1-4257-BED9-8B8958472925}.G1|Any CPU.Build.0 = Debug|Any CPU
		{4C603E28-5AA1-4257-BED9-8B8958472925}.G2|Any CPU.ActiveCfg = Debug|Any CPU
		{4C603E28-5AA1-4257-BED9-8B8958472925}.G2|Any CPU.Build.0 = Debug|Any CPU
		{4C603E28-5AA1-4257-BED9-8B8958472925}.G3|Any CPU.ActiveCfg = Debug|Any CPU
		{4C603E28-5AA1-4257-BED9-8B8958472925}.G3|Any CPU.Build.0 = Debug|Any CPU
		{4C603E28-5AA1-4257-BED9-8B8958472925}.G4|Any CPU.ActiveCfg = Debug|Any CPU
		{4C603E28-5AA1-4257-BED9-8B8958472925}.G4|Any CPU.Build.0 = Debug|Any CPU
		{4C603E28-5AA1-4257-BED9-8B8958472925}.Perf|Any CPU.ActiveCfg = Debug|Any CPU
		{4C603E28-5AA1-4257-BED9-8B8958472925}.Perf|Any CPU.Build.0 = Debug|Any CPU
		{4C603E28-5AA1-4257-BED9-8B8958472925}.Prod|Any CPU.ActiveCfg = Debug|Any CPU
		{4C603E28-5AA1-4257-BED9-8B8958472925}.Prod|Any CPU.Build.0 = Debug|Any CPU
		{4C603E28-5AA1-4257-BED9-8B8958472925}.Release|Any CPU.ActiveCfg = Release|Any CPU
		{4C603E28-5AA1-4257-BED9-8B8958472925}.Release|Any CPU.Build.0 = Release|Any CPU
		{4C603E28-5AA1-4257-BED9-8B8958472925}.Sit|Any CPU.ActiveCfg = Debug|Any CPU
		{4C603E28-5AA1-4257-BED9-8B8958472925}.Sit|Any CPU.Build.0 = Debug|Any CPU
		{489ACF1F-2644-4C50-AE59-987BB1AE6BD8}.Debug|Any CPU.ActiveCfg = Debug|Any CPU
		{489ACF1F-2644-4C50-AE59-987BB1AE6BD8}.Debug|Any CPU.Build.0 = Debug|Any CPU
		{489ACF1F-2644-4C50-AE59-987BB1AE6BD8}.Dev|Any CPU.ActiveCfg = Debug|Any CPU
		{489ACF1F-2644-4C50-AE59-987BB1AE6BD8}.Dev|Any CPU.Build.0 = Debug|Any CPU
		{489ACF1F-2644-4C50-AE59-987BB1AE6BD8}.Dit|Any CPU.ActiveCfg = Debug|Any CPU
		{489ACF1F-2644-4C50-AE59-987BB1AE6BD8}.Dit|Any CPU.Build.0 = Debug|Any CPU
		{489ACF1F-2644-4C50-AE59-987BB1AE6BD8}.G1|Any CPU.ActiveCfg = Debug|Any CPU
		{489ACF1F-2644-4C50-AE59-987BB1AE6BD8}.G1|Any CPU.Build.0 = Debug|Any CPU
		{489ACF1F-2644-4C50-AE59-987BB1AE6BD8}.G2|Any CPU.ActiveCfg = Debug|Any CPU
		{489ACF1F-2644-4C50-AE59-987BB1AE6BD8}.G2|Any CPU.Build.0 = Debug|Any CPU
		{489ACF1F-2644-4C50-AE59-987BB1AE6BD8}.G3|Any CPU.ActiveCfg = Debug|Any CPU
		{489ACF1F-2644-4C50-AE59-987BB1AE6BD8}.G3|Any CPU.Build.0 = Debug|Any CPU
		{489ACF1F-2644-4C50-AE59-987BB1AE6BD8}.G4|Any CPU.ActiveCfg = Debug|Any CPU
		{489ACF1F-2644-4C50-AE59-987BB1AE6BD8}.G4|Any CPU.Build.0 = Debug|Any CPU
		{489ACF1F-2644-4C50-AE59-987BB1AE6BD8}.Perf|Any CPU.ActiveCfg = Debug|Any CPU
		{489ACF1F-2644-4C50-AE59-987BB1AE6BD8}.Perf|Any CPU.Build.0 = Debug|Any CPU
		{489ACF1F-2644-4C50-AE59-987BB1AE6BD8}.Prod|Any CPU.ActiveCfg = Debug|Any CPU
		{489ACF1F-2644-4C50-AE59-987BB1AE6BD8}.Prod|Any CPU.Build.0 = Debug|Any CPU
		{489ACF1F-2644-4C50-AE59-987BB1AE6BD8}.Release|Any CPU.ActiveCfg = Release|Any CPU
		{489ACF1F-2644-4C50-AE59-987BB1AE6BD8}.Release|Any CPU.Build.0 = Release|Any CPU
		{489ACF1F-2644-4C50-AE59-987BB1AE6BD8}.Sit|Any CPU.ActiveCfg = Debug|Any CPU
		{489ACF1F-2644-4C50-AE59-987BB1AE6BD8}.Sit|Any CPU.Build.0 = Debug|Any CPU
		{082A5CC7-53D4-45F0-9406-71C3117C320B}.Debug|Any CPU.ActiveCfg = Debug|Any CPU
		{082A5CC7-53D4-45F0-9406-71C3117C320B}.Debug|Any CPU.Build.0 = Debug|Any CPU
		{082A5CC7-53D4-45F0-9406-71C3117C320B}.Dev|Any CPU.ActiveCfg = Debug|Any CPU
		{082A5CC7-53D4-45F0-9406-71C3117C320B}.Dev|Any CPU.Build.0 = Debug|Any CPU
		{082A5CC7-53D4-45F0-9406-71C3117C320B}.Dit|Any CPU.ActiveCfg = Debug|Any CPU
		{082A5CC7-53D4-45F0-9406-71C3117C320B}.Dit|Any CPU.Build.0 = Debug|Any CPU
		{082A5CC7-53D4-45F0-9406-71C3117C320B}.G1|Any CPU.ActiveCfg = Debug|Any CPU
		{082A5CC7-53D4-45F0-9406-71C3117C320B}.G1|Any CPU.Build.0 = Debug|Any CPU
		{082A5CC7-53D4-45F0-9406-71C3117C320B}.G2|Any CPU.ActiveCfg = Debug|Any CPU
		{082A5CC7-53D4-45F0-9406-71C3117C320B}.G2|Any CPU.Build.0 = Debug|Any CPU
		{082A5CC7-53D4-45F0-9406-71C3117C320B}.G3|Any CPU.ActiveCfg = Debug|Any CPU
		{082A5CC7-53D4-45F0-9406-71C3117C320B}.G3|Any CPU.Build.0 = Debug|Any CPU
		{082A5CC7-53D4-45F0-9406-71C3117C320B}.G4|Any CPU.ActiveCfg = Debug|Any CPU
		{082A5CC7-53D4-45F0-9406-71C3117C320B}.G4|Any CPU.Build.0 = Debug|Any CPU
		{082A5CC7-53D4-45F0-9406-71C3117C320B}.Perf|Any CPU.ActiveCfg = Debug|Any CPU
		{082A5CC7-53D4-45F0-9406-71C3117C320B}.Perf|Any CPU.Build.0 = Debug|Any CPU
		{082A5CC7-53D4-45F0-9406-71C3117C320B}.Prod|Any CPU.ActiveCfg = Debug|Any CPU
		{082A5CC7-53D4-45F0-9406-71C3117C320B}.Prod|Any CPU.Build.0 = Debug|Any CPU
		{082A5CC7-53D4-45F0-9406-71C3117C320B}.Release|Any CPU.ActiveCfg = Release|Any CPU
		{082A5CC7-53D4-45F0-9406-71C3117C320B}.Release|Any CPU.Build.0 = Release|Any CPU
		{082A5CC7-53D4-45F0-9406-71C3117C320B}.Sit|Any CPU.ActiveCfg = Debug|Any CPU
		{082A5CC7-53D4-45F0-9406-71C3117C320B}.Sit|Any CPU.Build.0 = Debug|Any CPU
	EndGlobalSection
	GlobalSection(SolutionProperties) = preSolution
		HideSolutionNode = FALSE
	EndGlobalSection
	GlobalSection(ExtensibilityGlobals) = postSolution
		SolutionGuid = {67514909-9B8F-4019-863E-EF760A60834C}
	EndGlobalSection
EndGlobal
