
Microsoft Visual Studio Solution File, Format Version 12.00
# Visual Studio 15
VisualStudioVersion = 15.0.27130.0
MinimumVisualStudioVersion = 10.0.40219.1
Project("{9A19103F-16F7-4668-BE54-9A1E7A4F7556}") = "Dell.PremierTools.WebApi", "Dell.PremierTools.Services.WebApiv1\Dell.PremierTools.WebApi.csproj", "{C25183AE-E331-4870-8F76-0A0619E7940C}"
EndProject
Project("{9A19103F-16F7-4668-BE54-9A1E7A4F7556}") = "Dell.PremierTools.Entity.Model", "Dell.PremierTools.Entity\Dell.PremierTools.Entity.Model.csproj", "{EB9DF3C4-C25A-4064-B4A4-4B09D7537A17}"
EndProject
Project("{9A19103F-16F7-4668-BE54-9A1E7A4F7556}") = "Dell.PremierTools.DataServices", "Dell.PremierTools.DataServices\Dell.PremierTools.DataServices.csproj", "{082A5CC7-53D4-45F0-9406-71C3117C320B}"
EndProject
Project("{9A19103F-16F7-4668-BE54-9A1E7A4F7556}") = "Dell.PremierTool.Shared", "Dell.B2BOnlineTools.Common\Dell.PremierTool.Shared.csproj", "{561AD524-2F62-425C-BF84-9F26FA64091A}"
EndProject
Project("{FAE04EC0-301F-11D3-BF4B-00C04F79EFBC}") = "Dell.PremierTools.Common", "Dell.PremierTools.Common\Dell.PremierTools.Common.csproj", "{0FBAD717-BCE5-4201-91A9-86B8E8EBEDCB}"
EndProject
Global
	GlobalSection(SolutionConfigurationPlatforms) = preSolution
		Debug|Any CPU = Debug|Any CPU
		Dev|Any CPU = Dev|Any CPU
		Dit|Any CPU = Dit|Any CPU
		G1|Any CPU = G1|Any CPU
		G11|Any CPU = G11|Any CPU
		G2|Any CPU = G2|Any CPU
		G3|Any CPU = G3|Any CPU
		G4|Any CPU = G4|Any CPU
		Perf|Any CPU = Perf|Any CPU
		Prod|Any CPU = Prod|Any CPU
		Release|Any CPU = Release|Any CPU
		Sit|Any CPU = Sit|Any CPU
	EndGlobalSection
	GlobalSection(ProjectConfigurationPlatforms) = postSolution
		{C25183AE-E331-4870-8F76-0A0619E7940C}.Debug|Any CPU.ActiveCfg = Debug|Any CPU
		{C25183AE-E331-4870-8F76-0A0619E7940C}.Debug|Any CPU.Build.0 = Debug|Any CPU
		{C25183AE-E331-4870-8F76-0A0619E7940C}.Dev|Any CPU.ActiveCfg = Debug|Any CPU
		{C25183AE-E331-4870-8F76-0A0619E7940C}.Dev|Any CPU.Build.0 = Debug|Any CPU
		{C25183AE-E331-4870-8F76-0A0619E7940C}.Dit|Any CPU.ActiveCfg = Debug|Any CPU
		{C25183AE-E331-4870-8F76-0A0619E7940C}.Dit|Any CPU.Build.0 = Debug|Any CPU
		{C25183AE-E331-4870-8F76-0A0619E7940C}.G1|Any CPU.ActiveCfg = Debug|Any CPU
		{C25183AE-E331-4870-8F76-0A0619E7940C}.G1|Any CPU.Build.0 = Debug|Any CPU
		{C25183AE-E331-4870-8F76-0A0619E7940C}.G11|Any CPU.ActiveCfg = Release|Any CPU
		{C25183AE-E331-4870-8F76-0A0619E7940C}.G11|Any CPU.Build.0 = Release|Any CPU
		{C25183AE-E331-4870-8F76-0A0619E7940C}.G2|Any CPU.ActiveCfg = Debug|Any CPU
		{C25183AE-E331-4870-8F76-0A0619E7940C}.G2|Any CPU.Build.0 = Debug|Any CPU
		{C25183AE-E331-4870-8F76-0A0619E7940C}.G3|Any CPU.ActiveCfg = Debug|Any CPU
		{C25183AE-E331-4870-8F76-0A0619E7940C}.G3|Any CPU.Build.0 = Debug|Any CPU
		{C25183AE-E331-4870-8F76-0A0619E7940C}.G4|Any CPU.ActiveCfg = Debug|Any CPU
		{C25183AE-E331-4870-8F76-0A0619E7940C}.G4|Any CPU.Build.0 = Debug|Any CPU
		{C25183AE-E331-4870-8F76-0A0619E7940C}.Perf|Any CPU.ActiveCfg = Debug|Any CPU
		{C25183AE-E331-4870-8F76-0A0619E7940C}.Perf|Any CPU.Build.0 = Debug|Any CPU
		{C25183AE-E331-4870-8F76-0A0619E7940C}.Prod|Any CPU.ActiveCfg = Debug|Any CPU
		{C25183AE-E331-4870-8F76-0A0619E7940C}.Prod|Any CPU.Build.0 = Debug|Any CPU
		{C25183AE-E331-4870-8F76-0A0619E7940C}.Release|Any CPU.ActiveCfg = Release|Any CPU
		{C25183AE-E331-4870-8F76-0A0619E7940C}.Release|Any CPU.Build.0 = Release|Any CPU
		{C25183AE-E331-4870-8F76-0A0619E7940C}.Sit|Any CPU.ActiveCfg = Debug|Any CPU
		{C25183AE-E331-4870-8F76-0A0619E7940C}.Sit|Any CPU.Build.0 = Debug|Any CPU
		{EB9DF3C4-C25A-4064-B4A4-4B09D7537A17}.Debug|Any CPU.ActiveCfg = Debug|Any CPU
		{EB9DF3C4-C25A-4064-B4A4-4B09D7537A17}.Debug|Any CPU.Build.0 = Debug|Any CPU
		{EB9DF3C4-C25A-4064-B4A4-4B09D7537A17}.Dev|Any CPU.ActiveCfg = Debug|Any CPU
		{EB9DF3C4-C25A-4064-B4A4-4B09D7537A17}.Dev|Any CPU.Build.0 = Debug|Any CPU
		{EB9DF3C4-C25A-4064-B4A4-4B09D7537A17}.Dit|Any CPU.ActiveCfg = Debug|Any CPU
		{EB9DF3C4-C25A-4064-B4A4-4B09D7537A17}.Dit|Any CPU.Build.0 = Debug|Any CPU
		{EB9DF3C4-C25A-4064-B4A4-4B09D7537A17}.G1|Any CPU.ActiveCfg = Debug|Any CPU
		{EB9DF3C4-C25A-4064-B4A4-4B09D7537A17}.G1|Any CPU.Build.0 = Debug|Any CPU
		{EB9DF3C4-C25A-4064-B4A4-4B09D7537A17}.G11|Any CPU.ActiveCfg = Release|Any CPU
		{EB9DF3C4-C25A-4064-B4A4-4B09D7537A17}.G11|Any CPU.Build.0 = Release|Any CPU
		{EB9DF3C4-C25A-4064-B4A4-4B09D7537A17}.G2|Any CPU.ActiveCfg = Debug|Any CPU
		{EB9DF3C4-C25A-4064-B4A4-4B09D7537A17}.G2|Any CPU.Build.0 = Debug|Any CPU
		{EB9DF3C4-C25A-4064-B4A4-4B09D7537A17}.G3|Any CPU.ActiveCfg = Debug|Any CPU
		{EB9DF3C4-C25A-4064-B4A4-4B09D7537A17}.G3|Any CPU.Build.0 = Debug|Any CPU
		{EB9DF3C4-C25A-4064-B4A4-4B09D7537A17}.G4|Any CPU.ActiveCfg = Debug|Any CPU
		{EB9DF3C4-C25A-4064-B4A4-4B09D7537A17}.G4|Any CPU.Build.0 = Debug|Any CPU
		{EB9DF3C4-C25A-4064-B4A4-4B09D7537A17}.Perf|Any CPU.ActiveCfg = Debug|Any CPU
		{EB9DF3C4-C25A-4064-B4A4-4B09D7537A17}.Perf|Any CPU.Build.0 = Debug|Any CPU
		{EB9DF3C4-C25A-4064-B4A4-4B09D7537A17}.Prod|Any CPU.ActiveCfg = Debug|Any CPU
		{EB9DF3C4-C25A-4064-B4A4-4B09D7537A17}.Prod|Any CPU.Build.0 = Debug|Any CPU
		{EB9DF3C4-C25A-4064-B4A4-4B09D7537A17}.Release|Any CPU.ActiveCfg = Release|Any CPU
		{EB9DF3C4-C25A-4064-B4A4-4B09D7537A17}.Release|Any CPU.Build.0 = Release|Any CPU
		{EB9DF3C4-C25A-4064-B4A4-4B09D7537A17}.Sit|Any CPU.ActiveCfg = Debug|Any CPU
		{EB9DF3C4-C25A-4064-B4A4-4B09D7537A17}.Sit|Any CPU.Build.0 = Debug|Any CPU
		{082A5CC7-53D4-45F0-9406-71C3117C320B}.Debug|Any CPU.ActiveCfg = Debug|Any CPU
		{082A5CC7-53D4-45F0-9406-71C3117C320B}.Debug|Any CPU.Build.0 = Debug|Any CPU
		{082A5CC7-53D4-45F0-9406-71C3117C320B}.Dev|Any CPU.ActiveCfg = Debug|Any CPU
		{082A5CC7-53D4-45F0-9406-71C3117C320B}.Dev|Any CPU.Build.0 = Debug|Any CPU
		{082A5CC7-53D4-45F0-9406-71C3117C320B}.Dit|Any CPU.ActiveCfg = Debug|Any CPU
		{082A5CC7-53D4-45F0-9406-71C3117C320B}.Dit|Any CPU.Build.0 = Debug|Any CPU
		{082A5CC7-53D4-45F0-9406-71C3117C320B}.G1|Any CPU.ActiveCfg = Debug|Any CPU
		{082A5CC7-53D4-45F0-9406-71C3117C320B}.G1|Any CPU.Build.0 = Debug|Any CPU
		{082A5CC7-53D4-45F0-9406-71C3117C320B}.G11|Any CPU.ActiveCfg = Release|Any CPU
		{082A5CC7-53D4-45F0-9406-71C3117C320B}.G11|Any CPU.Build.0 = Release|Any CPU
		{082A5CC7-53D4-45F0-9406-71C3117C320B}.G2|Any CPU.ActiveCfg = Debug|Any CPU
		{082A5CC7-53D4-45F0-9406-71C3117C320B}.G2|Any CPU.Build.0 = Debug|Any CPU
		{082A5CC7-53D4-45F0-9406-71C3117C320B}.G3|Any CPU.ActiveCfg = Debug|Any CPU
		{082A5CC7-53D4-45F0-9406-71C3117C320B}.G3|Any CPU.Build.0 = Debug|Any CPU
		{082A5CC7-53D4-45F0-9406-71C3117C320B}.G4|Any CPU.ActiveCfg = Debug|Any CPU
		{082A5CC7-53D4-45F0-9406-71C3117C320B}.G4|Any CPU.Build.0 = Debug|Any CPU
		{082A5CC7-53D4-45F0-9406-71C3117C320B}.Perf|Any CPU.ActiveCfg = Debug|Any CPU
		{082A5CC7-53D4-45F0-9406-71C3117C320B}.Perf|Any CPU.Build.0 = Debug|Any CPU
		{082A5CC7-53D4-45F0-9406-71C3117C320B}.Prod|Any CPU.ActiveCfg = Debug|Any CPU
		{082A5CC7-53D4-45F0-9406-71C3117C320B}.Prod|Any CPU.Build.0 = Debug|Any CPU
		{082A5CC7-53D4-45F0-9406-71C3117C320B}.Release|Any CPU.ActiveCfg = Release|Any CPU
		{082A5CC7-53D4-45F0-9406-71C3117C320B}.Release|Any CPU.Build.0 = Release|Any CPU
		{082A5CC7-53D4-45F0-9406-71C3117C320B}.Sit|Any CPU.ActiveCfg = Debug|Any CPU
		{082A5CC7-53D4-45F0-9406-71C3117C320B}.Sit|Any CPU.Build.0 = Debug|Any CPU
		{561AD524-2F62-425C-BF84-9F26FA64091A}.Debug|Any CPU.ActiveCfg = Debug|Any CPU
		{561AD524-2F62-425C-BF84-9F26FA64091A}.Debug|Any CPU.Build.0 = Debug|Any CPU
		{561AD524-2F62-425C-BF84-9F26FA64091A}.Dev|Any CPU.ActiveCfg = Debug|Any CPU
		{561AD524-2F62-425C-BF84-9F26FA64091A}.Dev|Any CPU.Build.0 = Debug|Any CPU
		{561AD524-2F62-425C-BF84-9F26FA64091A}.Dit|Any CPU.ActiveCfg = Debug|Any CPU
		{561AD524-2F62-425C-BF84-9F26FA64091A}.Dit|Any CPU.Build.0 = Debug|Any CPU
		{561AD524-2F62-425C-BF84-9F26FA64091A}.G1|Any CPU.ActiveCfg = G11|Any CPU
		{561AD524-2F62-425C-BF84-9F26FA64091A}.G1|Any CPU.Build.0 = G11|Any CPU
		{561AD524-2F62-425C-BF84-9F26FA64091A}.G11|Any CPU.ActiveCfg = G11|Any CPU
		{561AD524-2F62-425C-BF84-9F26FA64091A}.G11|Any CPU.Build.0 = G11|Any CPU
		{561AD524-2F62-425C-BF84-9F26FA64091A}.G2|Any CPU.ActiveCfg = G11|Any CPU
		{561AD524-2F62-425C-BF84-9F26FA64091A}.G2|Any CPU.Build.0 = G11|Any CPU
		{561AD524-2F62-425C-BF84-9F26FA64091A}.G3|Any CPU.ActiveCfg = G11|Any CPU
		{561AD524-2F62-425C-BF84-9F26FA64091A}.G3|Any CPU.Build.0 = G11|Any CPU
		{561AD524-2F62-425C-BF84-9F26FA64091A}.G4|Any CPU.ActiveCfg = G11|Any CPU
		{561AD524-2F62-425C-BF84-9F26FA64091A}.G4|Any CPU.Build.0 = G11|Any CPU
		{561AD524-2F62-425C-BF84-9F26FA64091A}.Perf|Any CPU.ActiveCfg = G11|Any CPU
		{561AD524-2F62-425C-BF84-9F26FA64091A}.Perf|Any CPU.Build.0 = G11|Any CPU
		{561AD524-2F62-425C-BF84-9F26FA64091A}.Prod|Any CPU.ActiveCfg = G11|Any CPU
		{561AD524-2F62-425C-BF84-9F26FA64091A}.Prod|Any CPU.Build.0 = G11|Any CPU
		{561AD524-2F62-425C-BF84-9F26FA64091A}.Release|Any CPU.ActiveCfg = Release|Any CPU
		{561AD524-2F62-425C-BF84-9F26FA64091A}.Release|Any CPU.Build.0 = Release|Any CPU
		{561AD524-2F62-425C-BF84-9F26FA64091A}.Sit|Any CPU.ActiveCfg = G11|Any CPU
		{561AD524-2F62-425C-BF84-9F26FA64091A}.Sit|Any CPU.Build.0 = G11|Any CPU
		{0FBAD717-BCE5-4201-91A9-86B8E8EBEDCB}.Debug|Any CPU.ActiveCfg = Debug|Any CPU
		{0FBAD717-BCE5-4201-91A9-86B8E8EBEDCB}.Debug|Any CPU.Build.0 = Debug|Any CPU
		{0FBAD717-BCE5-4201-91A9-86B8E8EBEDCB}.Dev|Any CPU.ActiveCfg = Dev|Any CPU
		{0FBAD717-BCE5-4201-91A9-86B8E8EBEDCB}.Dev|Any CPU.Build.0 = Dev|Any CPU
		{0FBAD717-BCE5-4201-91A9-86B8E8EBEDCB}.Dit|Any CPU.ActiveCfg = Dit|Any CPU
		{0FBAD717-BCE5-4201-91A9-86B8E8EBEDCB}.Dit|Any CPU.Build.0 = Dit|Any CPU
		{0FBAD717-BCE5-4201-91A9-86B8E8EBEDCB}.G1|Any CPU.ActiveCfg = G1|Any CPU
		{0FBAD717-BCE5-4201-91A9-86B8E8EBEDCB}.G1|Any CPU.Build.0 = G1|Any CPU
		{0FBAD717-BCE5-4201-91A9-86B8E8EBEDCB}.G11|Any CPU.ActiveCfg = G1|Any CPU
		{0FBAD717-BCE5-4201-91A9-86B8E8EBEDCB}.G11|Any CPU.Build.0 = G1|Any CPU
		{0FBAD717-BCE5-4201-91A9-86B8E8EBEDCB}.G2|Any CPU.ActiveCfg = G2|Any CPU
		{0FBAD717-BCE5-4201-91A9-86B8E8EBEDCB}.G2|Any CPU.Build.0 = G2|Any CPU
		{0FBAD717-BCE5-4201-91A9-86B8E8EBEDCB}.G3|Any CPU.ActiveCfg = G3|Any CPU
		{0FBAD717-BCE5-4201-91A9-86B8E8EBEDCB}.G3|Any CPU.Build.0 = G3|Any CPU
		{0FBAD717-BCE5-4201-91A9-86B8E8EBEDCB}.G4|Any CPU.ActiveCfg = G4|Any CPU
		{0FBAD717-BCE5-4201-91A9-86B8E8EBEDCB}.G4|Any CPU.Build.0 = G4|Any CPU
		{0FBAD717-BCE5-4201-91A9-86B8E8EBEDCB}.Perf|Any CPU.ActiveCfg = Perf|Any CPU
		{0FBAD717-BCE5-4201-91A9-86B8E8EBEDCB}.Perf|Any CPU.Build.0 = Perf|Any CPU
		{0FBAD717-BCE5-4201-91A9-86B8E8EBEDCB}.Prod|Any CPU.ActiveCfg = Prod|Any CPU
		{0FBAD717-BCE5-4201-91A9-86B8E8EBEDCB}.Prod|Any CPU.Build.0 = Prod|Any CPU
		{0FBAD717-BCE5-4201-91A9-86B8E8EBEDCB}.Release|Any CPU.ActiveCfg = Release|Any CPU
		{0FBAD717-BCE5-4201-91A9-86B8E8EBEDCB}.Release|Any CPU.Build.0 = Release|Any CPU
		{0FBAD717-BCE5-4201-91A9-86B8E8EBEDCB}.Sit|Any CPU.ActiveCfg = Sit|Any CPU
		{0FBAD717-BCE5-4201-91A9-86B8E8EBEDCB}.Sit|Any CPU.Build.0 = Sit|Any CPU
	EndGlobalSection
	GlobalSection(SolutionProperties) = preSolution
		HideSolutionNode = FALSE
	EndGlobalSection
	GlobalSection(ExtensibilityGlobals) = postSolution
		SolutionGuid = {67514909-9B8F-4019-863E-EF760A60834C}
	EndGlobalSection
EndGlobal
